// !$*UTF8*$!
{
	archiveVersion = 1;
	classes = {
	};
	objectVersion = 56;
	objects = {

/* Begin PBXBuildFile section */
		6BC373A429437EAB004E1FAF /* SnowplowTracker in Frameworks */ = {isa = PBXBuildFile; productRef = 6BC373A329437EAB004E1FAF /* SnowplowTracker */; };
		6BCD1EE22943378B0034B048 /* IgluCentralApp.swift in Sources */ = {isa = PBXBuildFile; fileRef = 6BCD1EE12943378B0034B048 /* IgluCentralApp.swift */; };
		6BCD1EE42943378B0034B048 /* SchemaList.swift in Sources */ = {isa = PBXBuildFile; fileRef = 6BCD1EE32943378B0034B048 /* SchemaList.swift */; };
		6BCD1EE62943378F0034B048 /* Assets.xcassets in Resources */ = {isa = PBXBuildFile; fileRef = 6BCD1EE52943378F0034B048 /* Assets.xcassets */; };
		6BCD1EE92943378F0034B048 /* Preview Assets.xcassets in Resources */ = {isa = PBXBuildFile; fileRef = 6BCD1EE82943378F0034B048 /* Preview Assets.xcassets */; };
		6BCD1EF429433C6E0034B048 /* SchemaUrl.swift in Sources */ = {isa = PBXBuildFile; fileRef = 6BCD1EF329433C6E0034B048 /* SchemaUrl.swift */; };
		6BCDF2CA2943638A008AA06D /* SchemaDetail.swift in Sources */ = {isa = PBXBuildFile; fileRef = 6BCDF2C92943638A008AA06D /* SchemaDetail.swift */; };
		6BCDF2CD294365AB008AA06D /* IgluCentralAPI.swift in Sources */ = {isa = PBXBuildFile; fileRef = 6BCDF2CC294365AB008AA06D /* IgluCentralAPI.swift */; };
		6BCDF2CF294366A5008AA06D /* Schema.swift in Sources */ = {isa = PBXBuildFile; fileRef = 6BCDF2CE294366A5008AA06D /* Schema.swift */; };
		6BCDF2D1294371DE008AA06D /* Tracking.swift in Sources */ = {isa = PBXBuildFile; fileRef = 6BCDF2D0294371DE008AA06D /* Tracking.swift */; };
/* End PBXBuildFile section */

/* Begin PBXFileReference section */
		6BCD1EDE2943378B0034B048 /* IgluCentral.app */ = {isa = PBXFileReference; explicitFileType = wrapper.application; includeInIndex = 0; path = IgluCentral.app; sourceTree = BUILT_PRODUCTS_DIR; };
		6BCD1EE12943378B0034B048 /* IgluCentralApp.swift */ = {isa = PBXFileReference; lastKnownFileType = sourcecode.swift; path = IgluCentralApp.swift; sourceTree = "<group>"; };
		6BCD1EE32943378B0034B048 /* SchemaList.swift */ = {isa = PBXFileReference; lastKnownFileType = sourcecode.swift; path = SchemaList.swift; sourceTree = "<group>"; };
		6BCD1EE52943378F0034B048 /* Assets.xcassets */ = {isa = PBXFileReference; lastKnownFileType = folder.assetcatalog; path = Assets.xcassets; sourceTree = "<group>"; };
		6BCD1EE82943378F0034B048 /* Preview Assets.xcassets */ = {isa = PBXFileReference; lastKnownFileType = folder.assetcatalog; path = "Preview Assets.xcassets"; sourceTree = "<group>"; };
		6BCD1EF129433BC80034B048 /* Info.plist */ = {isa = PBXFileReference; lastKnownFileType = text.plist; path = Info.plist; sourceTree = "<group>"; };
		6BCD1EF329433C6E0034B048 /* SchemaUrl.swift */ = {isa = PBXFileReference; lastKnownFileType = sourcecode.swift; path = SchemaUrl.swift; sourceTree = "<group>"; };
		6BCDF2C92943638A008AA06D /* SchemaDetail.swift */ = {isa = PBXFileReference; lastKnownFileType = sourcecode.swift; path = SchemaDetail.swift; sourceTree = "<group>"; };
		6BCDF2CC294365AB008AA06D /* IgluCentralAPI.swift */ = {isa = PBXFileReference; lastKnownFileType = sourcecode.swift; path = IgluCentralAPI.swift; sourceTree = "<group>"; };
		6BCDF2CE294366A5008AA06D /* Schema.swift */ = {isa = PBXFileReference; lastKnownFileType = sourcecode.swift; path = Schema.swift; sourceTree = "<group>"; };
		6BCDF2D0294371DE008AA06D /* Tracking.swift */ = {isa = PBXFileReference; lastKnownFileType = sourcecode.swift; path = Tracking.swift; sourceTree = "<group>"; };
/* End PBXFileReference section */

/* Begin PBXFrameworksBuildPhase section */
		6BCD1EDB2943378B0034B048 /* Frameworks */ = {
			isa = PBXFrameworksBuildPhase;
			buildActionMask = 2147483647;
			files = (
				6BC373A429437EAB004E1FAF /* SnowplowTracker in Frameworks */,
			);
			runOnlyForDeploymentPostprocessing = 0;
		};
/* End PBXFrameworksBuildPhase section */

/* Begin PBXGroup section */
		6BC373A229437EAB004E1FAF /* Frameworks */ = {
			isa = PBXGroup;
			children = (
			);
			name = Frameworks;
			sourceTree = "<group>";
		};
		6BCD1ED52943378B0034B048 = {
			isa = PBXGroup;
			children = (
				6BCD1EE02943378B0034B048 /* IgluCentral */,
				6BCD1EDF2943378B0034B048 /* Products */,
				6BC373A229437EAB004E1FAF /* Frameworks */,
			);
			sourceTree = "<group>";
		};
		6BCD1EDF2943378B0034B048 /* Products */ = {
			isa = PBXGroup;
			children = (
				6BCD1EDE2943378B0034B048 /* IgluCentral.app */,
			);
			name = Products;
			sourceTree = "<group>";
		};
		6BCD1EE02943378B0034B048 /* IgluCentral */ = {
			isa = PBXGroup;
			children = (
				6BCDF2CB2943638E008AA06D /* Views */,
				6BCD1EF229433C610034B048 /* Data */,
				6BCD1EF129433BC80034B048 /* Info.plist */,
				6BCD1EE12943378B0034B048 /* IgluCentralApp.swift */,
				6BCD1EE52943378F0034B048 /* Assets.xcassets */,
				6BCD1EE72943378F0034B048 /* Preview Content */,
				6BCDF2CC294365AB008AA06D /* IgluCentralAPI.swift */,
				6BCDF2D0294371DE008AA06D /* Tracking.swift */,
			);
			path = IgluCentral;
			sourceTree = "<group>";
		};
		6BCD1EE72943378F0034B048 /* Preview Content */ = {
			isa = PBXGroup;
			children = (
				6BCD1EE82943378F0034B048 /* Preview Assets.xcassets */,
			);
			path = "Preview Content";
			sourceTree = "<group>";
		};
		6BCD1EF229433C610034B048 /* Data */ = {
			isa = PBXGroup;
			children = (
				6BCD1EF329433C6E0034B048 /* SchemaUrl.swift */,
				6BCDF2CE294366A5008AA06D /* Schema.swift */,
			);
			path = Data;
			sourceTree = "<group>";
		};
		6BCDF2CB2943638E008AA06D /* Views */ = {
			isa = PBXGroup;
			children = (
				6BCD1EE32943378B0034B048 /* SchemaList.swift */,
				6BCDF2C92943638A008AA06D /* SchemaDetail.swift */,
			);
			path = Views;
			sourceTree = "<group>";
		};
/* End PBXGroup section */

/* Begin PBXNativeTarget section */
		6BCD1EDD2943378B0034B048 /* IgluCentral */ = {
			isa = PBXNativeTarget;
			buildConfigurationList = 6BCD1EEC2943378F0034B048 /* Build configuration list for PBXNativeTarget "IgluCentral" */;
			buildPhases = (
				6BCD1EDA2943378B0034B048 /* Sources */,
				6BCD1EDB2943378B0034B048 /* Frameworks */,
				6BCD1EDC2943378B0034B048 /* Resources */,
			);
			buildRules = (
			);
			dependencies = (
			);
			name = IgluCentral;
			packageProductDependencies = (
				6BC373A329437EAB004E1FAF /* SnowplowTracker */,
			);
			productName = IgluCentral;
			productReference = 6BCD1EDE2943378B0034B048 /* IgluCentral.app */;
			productType = "com.apple.product-type.application";
		};
/* End PBXNativeTarget section */

/* Begin PBXProject section */
		6BCD1ED62943378B0034B048 /* Project object */ = {
			isa = PBXProject;
			attributes = {
				BuildIndependentTargetsInParallel = 1;
				LastSwiftUpdateCheck = 1410;
				LastUpgradeCheck = 1410;
				TargetAttributes = {
					6BCD1EDD2943378B0034B048 = {
						CreatedOnToolsVersion = 14.1;
					};
				};
			};
			buildConfigurationList = 6BCD1ED92943378B0034B048 /* Build configuration list for PBXProject "IgluCentral" */;
			compatibilityVersion = "Xcode 14.0";
			developmentRegion = en;
			hasScannedForEncodings = 0;
			knownRegions = (
				en,
				Base,
			);
			mainGroup = 6BCD1ED52943378B0034B048;
			packageReferences = (
			);
			productRefGroup = 6BCD1EDF2943378B0034B048 /* Products */;
			projectDirPath = "";
			projectRoot = "";
			targets = (
				6BCD1EDD2943378B0034B048 /* IgluCentral */,
			);
		};
/* End PBXProject section */

/* Begin PBXResourcesBuildPhase section */
		6BCD1EDC2943378B0034B048 /* Resources */ = {
			isa = PBXResourcesBuildPhase;
			buildActionMask = 2147483647;
			files = (
				6BCD1EE92943378F0034B048 /* Preview Assets.xcassets in Resources */,
				6BCD1EE62943378F0034B048 /* Assets.xcassets in Resources */,
			);
			runOnlyForDeploymentPostprocessing = 0;
		};
/* End PBXResourcesBuildPhase section */

/* Begin PBXSourcesBuildPhase section */
		6BCD1EDA2943378B0034B048 /* Sources */ = {
			isa = PBXSourcesBuildPhase;
			buildActionMask = 2147483647;
			files = (
				6BCDF2D1294371DE008AA06D /* Tracking.swift in Sources */,
				6BCDF2CF294366A5008AA06D /* Schema.swift in Sources */,
				6BCD1EE42943378B0034B048 /* SchemaList.swift in Sources */,
				6BCDF2CA2943638A008AA06D /* SchemaDetail.swift in Sources */,
				6BCD1EF429433C6E0034B048 /* SchemaUrl.swift in Sources */,
				6BCD1EE22943378B0034B048 /* IgluCentralApp.swift in Sources */,
				6BCDF2CD294365AB008AA06D /* IgluCentralAPI.swift in Sources */,
			);
			runOnlyForDeploymentPostprocessing = 0;
		};
/* End PBXSourcesBuildPhase section */

/* Begin XCBuildConfiguration section */
		6BCD1EEA2943378F0034B048 /* Debug */ = {
			isa = XCBuildConfiguration;
			buildSettings = {
				ALWAYS_SEARCH_USER_PATHS = NO;
				CLANG_ANALYZER_NONNULL = YES;
				CLANG_ANALYZER_NUMBER_OBJECT_CONVERSION = YES_AGGRESSIVE;
				CLANG_CXX_LANGUAGE_STANDARD = "gnu++20";
				CLANG_ENABLE_MODULES = YES;
				CLANG_ENABLE_OBJC_ARC = YES;
				CLANG_ENABLE_OBJC_WEAK = YES;
				CLANG_WARN_BLOCK_CAPTURE_AUTORELEASING = YES;
				CLANG_WARN_BOOL_CONVERSION = YES;
				CLANG_WARN_COMMA = YES;
				CLANG_WARN_CONSTANT_CONVERSION = YES;
				CLANG_WARN_DEPRECATED_OBJC_IMPLEMENTATIONS = YES;
				CLANG_WARN_DIRECT_OBJC_ISA_USAGE = YES_ERROR;
				CLANG_WARN_DOCUMENTATION_COMMENTS = YES;
				CLANG_WARN_EMPTY_BODY = YES;
				CLANG_WARN_ENUM_CONVERSION = YES;
				CLANG_WARN_INFINITE_RECURSION = YES;
				CLANG_WARN_INT_CONVERSION = YES;
				CLANG_WARN_NON_LITERAL_NULL_CONVERSION = YES;
				CLANG_WARN_OBJC_IMPLICIT_RETAIN_SELF = YES;
				CLANG_WARN_OBJC_LITERAL_CONVERSION = YES;
				CLANG_WARN_OBJC_ROOT_CLASS = YES_ERROR;
				CLANG_WARN_QUOTED_INCLUDE_IN_FRAMEWORK_HEADER = YES;
				CLANG_WARN_RANGE_LOOP_ANALYSIS = YES;
				CLANG_WARN_STRICT_PROTOTYPES = YES;
				CLANG_WARN_SUSPICIOUS_MOVE = YES;
				CLANG_WARN_UNGUARDED_AVAILABILITY = YES_AGGRESSIVE;
				CLANG_WARN_UNREACHABLE_CODE = YES;
				CLANG_WARN__DUPLICATE_METHOD_MATCH = YES;
				COPY_PHASE_STRIP = NO;
				DEBUG_INFORMATION_FORMAT = dwarf;
				ENABLE_STRICT_OBJC_MSGSEND = YES;
				ENABLE_TESTABILITY = YES;
				GCC_C_LANGUAGE_STANDARD = gnu11;
				GCC_DYNAMIC_NO_PIC = NO;
				GCC_NO_COMMON_BLOCKS = YES;
				GCC_OPTIMIZATION_LEVEL = 0;
				GCC_PREPROCESSOR_DEFINITIONS = (
					"DEBUG=1",
					"$(inherited)",
				);
				GCC_WARN_64_TO_32_BIT_CONVERSION = YES;
				GCC_WARN_ABOUT_RETURN_TYPE = YES_ERROR;
				GCC_WARN_UNDECLARED_SELECTOR = YES;
				GCC_WARN_UNINITIALIZED_AUTOS = YES_AGGRESSIVE;
				GCC_WARN_UNUSED_FUNCTION = YES;
				GCC_WARN_UNUSED_VARIABLE = YES;
				IPHONEOS_DEPLOYMENT_TARGET = 16.1;
				MTL_ENABLE_DEBUG_INFO = INCLUDE_SOURCE;
				MTL_FAST_MATH = YES;
				ONLY_ACTIVE_ARCH = YES;
				SDKROOT = iphoneos;
				SWIFT_ACTIVE_COMPILATION_CONDITIONS = DEBUG;
				SWIFT_OPTIMIZATION_LEVEL = "-Onone";
			};
			name = Debug;
		};
		6BCD1EEB2943378F0034B048 /* Release */ = {
			isa = XCBuildConfiguration;
			buildSettings = {
				ALWAYS_SEARCH_USER_PATHS = NO;
				CLANG_ANALYZER_NONNULL = YES;
				CLANG_ANALYZER_NUMBER_OBJECT_CONVERSION = YES_AGGRESSIVE;
				CLANG_CXX_LANGUAGE_STANDARD = "gnu++20";
				CLANG_ENABLE_MODULES = YES;
				CLANG_ENABLE_OBJC_ARC = YES;
				CLANG_ENABLE_OBJC_WEAK = YES;
				CLANG_WARN_BLOCK_CAPTURE_AUTORELEASING = YES;
				CLANG_WARN_BOOL_CONVERSION = YES;
				CLANG_WARN_COMMA = YES;
				CLANG_WARN_CONSTANT_CONVERSION = YES;
				CLANG_WARN_DEPRECATED_OBJC_IMPLEMENTATIONS = YES;
				CLANG_WARN_DIRECT_OBJC_ISA_USAGE = YES_ERROR;
				CLANG_WARN_DOCUMENTATION_COMMENTS = YES;
				CLANG_WARN_EMPTY_BODY = YES;
				CLANG_WARN_ENUM_CONVERSION = YES;
				CLANG_WARN_INFINITE_RECURSION = YES;
				CLANG_WARN_INT_CONVERSION = YES;
				CLANG_WARN_NON_LITERAL_NULL_CONVERSION = YES;
				CLANG_WARN_OBJC_IMPLICIT_RETAIN_SELF = YES;
				CLANG_WARN_OBJC_LITERAL_CONVERSION = YES;
				CLANG_WARN_OBJC_ROOT_CLASS = YES_ERROR;
				CLANG_WARN_QUOTED_INCLUDE_IN_FRAMEWORK_HEADER = YES;
				CLANG_WARN_RANGE_LOOP_ANALYSIS = YES;
				CLANG_WARN_STRICT_PROTOTYPES = YES;
				CLANG_WARN_SUSPICIOUS_MOVE = YES;
				CLANG_WARN_UNGUARDED_AVAILABILITY = YES_AGGRESSIVE;
				CLANG_WARN_UNREACHABLE_CODE = YES;
				CLANG_WARN__DUPLICATE_METHOD_MATCH = YES;
				COPY_PHASE_STRIP = NO;
				DEBUG_INFORMATION_FORMAT = "dwarf-with-dsym";
				ENABLE_NS_ASSERTIONS = NO;
				ENABLE_STRICT_OBJC_MSGSEND = YES;
				GCC_C_LANGUAGE_STANDARD = gnu11;
				GCC_NO_COMMON_BLOCKS = YES;
				GCC_WARN_64_TO_32_BIT_CONVERSION = YES;
				GCC_WARN_ABOUT_RETURN_TYPE = YES_ERROR;
				GCC_WARN_UNDECLARED_SELECTOR = YES;
				GCC_WARN_UNINITIALIZED_AUTOS = YES_AGGRESSIVE;
				GCC_WARN_UNUSED_FUNCTION = YES;
				GCC_WARN_UNUSED_VARIABLE = YES;
				IPHONEOS_DEPLOYMENT_TARGET = 16.1;
				MTL_ENABLE_DEBUG_INFO = NO;
				MTL_FAST_MATH = YES;
				SDKROOT = iphoneos;
				SWIFT_COMPILATION_MODE = wholemodule;
				SWIFT_OPTIMIZATION_LEVEL = "-O";
				VALIDATE_PRODUCT = YES;
			};
			name = Release;
		};
		6BCD1EED2943378F0034B048 /* Debug */ = {
			isa = XCBuildConfiguration;
			buildSettings = {
				ASSETCATALOG_COMPILER_APPICON_NAME = AppIcon;
				ASSETCATALOG_COMPILER_GLOBAL_ACCENT_COLOR_NAME = AccentColor;
				CODE_SIGN_STYLE = Automatic;
				CURRENT_PROJECT_VERSION = 1;
				DEVELOPMENT_ASSET_PATHS = "\"IgluCentral/Preview Content\"";
				DEVELOPMENT_TEAM = V487J8L84E;
				ENABLE_PREVIEWS = YES;
				GENERATE_INFOPLIST_FILE = YES;
				INFOPLIST_FILE = IgluCentral/Info.plist;
				INFOPLIST_KEY_UIApplicationSceneManifest_Generation = YES;
				INFOPLIST_KEY_UIApplicationSupportsIndirectInputEvents = YES;
				INFOPLIST_KEY_UILaunchScreen_Generation = YES;
				INFOPLIST_KEY_UISupportedInterfaceOrientations_iPad = "UIInterfaceOrientationPortrait UIInterfaceOrientationPortraitUpsideDown UIInterfaceOrientationLandscapeLeft UIInterfaceOrientationLandscapeRight";
				INFOPLIST_KEY_UISupportedInterfaceOrientations_iPhone = "UIInterfaceOrientationPortrait UIInterfaceOrientationLandscapeLeft UIInterfaceOrientationLandscapeRight";
				LD_RUNPATH_SEARCH_PATHS = (
					"$(inherited)",
					"@executable_path/Frameworks",
				);
				MARKETING_VERSION = 1.0;
				PRODUCT_BUNDLE_IDENTIFIER = com.snowplowanalytics.IgluCentral;
				PRODUCT_NAME = "$(TARGET_NAME)";
				SWIFT_EMIT_LOC_STRINGS = YES;
				SWIFT_VERSION = 5.0;
				TARGETED_DEVICE_FAMILY = "1,2";
			};
			name = Debug;
		};
		6BCD1EEE2943378F0034B048 /* Release */ = {
			isa = XCBuildConfiguration;
			buildSettings = {
				ASSETCATALOG_COMPILER_APPICON_NAME = AppIcon;
				ASSETCATALOG_COMPILER_GLOBAL_ACCENT_COLOR_NAME = AccentColor;
				CODE_SIGN_STYLE = Automatic;
				CURRENT_PROJECT_VERSION = 1;
				DEVELOPMENT_ASSET_PATHS = "\"IgluCentral/Preview Content\"";
				DEVELOPMENT_TEAM = V487J8L84E;
				ENABLE_PREVIEWS = YES;
				GENERATE_INFOPLIST_FILE = YES;
				INFOPLIST_FILE = IgluCentral/Info.plist;
				INFOPLIST_KEY_UIApplicationSceneManifest_Generation = YES;
				INFOPLIST_KEY_UIApplicationSupportsIndirectInputEvents = YES;
				INFOPLIST_KEY_UILaunchScreen_Generation = YES;
				INFOPLIST_KEY_UISupportedInterfaceOrientations_iPad = "UIInterfaceOrientationPortrait UIInterfaceOrientationPortraitUpsideDown UIInterfaceOrientationLandscapeLeft UIInterfaceOrientationLandscapeRight";
				INFOPLIST_KEY_UISupportedInterfaceOrientations_iPhone = "UIInterfaceOrientationPortrait UIInterfaceOrientationLandscapeLeft UIInterfaceOrientationLandscapeRight";
				LD_RUNPATH_SEARCH_PATHS = (
					"$(inherited)",
					"@executable_path/Frameworks",
				);
				MARKETING_VERSION = 1.0;
				PRODUCT_BUNDLE_IDENTIFIER = com.snowplowanalytics.IgluCentral;
				PRODUCT_NAME = "$(TARGET_NAME)";
				SWIFT_EMIT_LOC_STRINGS = YES;
				SWIFT_VERSION = 5.0;
				TARGETED_DEVICE_FAMILY = "1,2";
			};
			name = Release;
		};
/* End XCBuildConfiguration section */

/* Begin XCConfigurationList section */
		6BCD1ED92943378B0034B048 /* Build configuration list for PBXProject "IgluCentral" */ = {
			isa = XCConfigurationList;
			buildConfigurations = (
				6BCD1EEA2943378F0034B048 /* Debug */,
				6BCD1EEB2943378F0034B048 /* Release */,
			);
			defaultConfigurationIsVisible = 0;
			defaultConfigurationName = Release;
		};
		6BCD1EEC2943378F0034B048 /* Build configuration list for PBXNativeTarget "IgluCentral" */ = {
			isa = XCConfigurationList;
			buildConfigurations = (
				6BCD1EED2943378F0034B048 /* Debug */,
				6BCD1EEE2943378F0034B048 /* Release */,
			);
			defaultConfigurationIsVisible = 0;
			defaultConfigurationName = Release;
		};
/* End XCConfigurationList section */

/* Begin XCSwiftPackageProductDependency section */
		6BC373A329437EAB004E1FAF /* SnowplowTracker */ = {
			isa = XCSwiftPackageProductDependency;
			productName = SnowplowTracker;
		};
/* End XCSwiftPackageProductDependency section */
	};
	rootObject = 6BCD1ED62943378B0034B048 /* Project object */;
}
