PODS:
  - SnowplowTracker (5.5.0)

DEPENDENCIES:
  - SnowplowTracker (from `../../../`)

EXTERNAL SOURCES:
  SnowplowTracker:
    :path: "../../../"

SPEC CHECKSUMS:
  SnowplowTracker: b4e0ad151a83b53e6505c43e3704ed7b9d706ee2

PODFILE CHECKSUM: b07ae6b0b106d9cc248bc9fc75f54e82187bffa3

COCOAPODS: 1.12.0
