PODS:
  - SnowplowTracker (6.0.2)

DEPENDENCIES:
  - SnowplowTracker (from `../../../`)

EXTERNAL SOURCES:
  SnowplowTracker:
    :path: "../../../"

SPEC CHECKSUMS:
  SnowplowTracker: e53f7eb7de911801b741af2bd9e079e091fa7f2b

PODFILE CHECKSUM: b07ae6b0b106d9cc248bc9fc75f54e82187bffa3

COCOAPODS: 1.15.2
