PODS:
  - FMDB (2.7.5):
    - FMDB/standard (= 2.7.5)
  - FMDB/standard (2.7.5)
  - SnowplowTracker (2.2.2):
    - FMDB (~> 2.7)

DEPENDENCIES:
  - SnowplowTracker (from `../../../snowplow-objc-tracker`)

SPEC REPOS:
  trunk:
    - FMDB

EXTERNAL SOURCES:
  SnowplowTracker:
    :path: "../../../snowplow-objc-tracker"

SPEC CHECKSUMS:
  FMDB: 2ce00b547f966261cd18927a3ddb07cb6f3db82a
  SnowplowTracker: 2eee2d6606a60db98f7c4e1515499bb216b6c8ad

PODFILE CHECKSUM: 332ad588f7addb57f6e015cb323c56fea7bff8d8

COCOAPODS: 1.10.1
