PODS:
  - SnowplowTracker (6.0.7)

DEPENDENCIES:
  - SnowplowTracker (from `../../../`)

EXTERNAL SOURCES:
  SnowplowTracker:
    :path: "../../../"

SPEC CHECKSUMS:
  SnowplowTracker: c8cc26255a367d890f17bc8f54e07a2e61d5ba65

PODFILE CHECKSUM: 4fa6d34ad86cfb83e73ac07da949dd01722e155a

COCOAPODS: 1.15.2
